
Microsoft Visual Studio Solution File, Format Version 12.00
# Visual Studio Version 16
VisualStudioVersion = 16.0.30104.148
MinimumVisualStudioVersion = 10.0.40219.1
Project("{FAE04EC0-301F-11D3-BF4B-00C04F79EFBC}") = "prjWinCsReviewOOP", "prjWinCsReviewOOP\prjWinCsReviewOOP.csproj", "{9EFC8274-EDE4-42D8-BCA2-6F430D626610}"
EndProject
Global
	GlobalSection(SolutionConfigurationPlatforms) = preSolution
		Debug|Any CPU = Debug|Any CPU
		Release|Any CPU = Release|Any CPU
	EndGlobalSection
	GlobalSection(ProjectConfigurationPlatforms) = postSolution
		{9EFC8274-EDE4-42D8-BCA2-6F430D626610}.Debug|Any CPU.ActiveCfg = Debug|Any CPU
		{9EFC8274-EDE4-42D8-BCA2-6F430D626610}.Debug|Any CPU.Build.0 = Debug|Any CPU
		{9EFC8274-EDE4-42D8-BCA2-6F430D626610}.Release|Any CPU.ActiveCfg = Release|Any CPU
		{9EFC8274-EDE4-42D8-BCA2-6F430D626610}.Release|Any CPU.Build.0 = Release|Any CPU
	EndGlobalSection
	GlobalSection(SolutionProperties) = preSolution
		HideSolutionNode = FALSE
	EndGlobalSection
	GlobalSection(ExtensibilityGlobals) = postSolution
		SolutionGuid = {98EA2968-0ED3-4CC2-B686-C132F243F491}
	EndGlobalSection
EndGlobal
